
Microsoft Visual Studio Solution File, Format Version 12.00
# Visual Studio Version 17
VisualStudioVersion = 17.11.35222.181
MinimumVisualStudioVersion = 10.0.40219.1
Project("{9A19103F-16F7-4668-BE54-9A1E7A4F7556}") = "NguyenKhanhMinhRazorPages", "NguyenKhanhMinhRazorPages\NguyenKhanhMinhRazorPages.csproj", "{D7B51876-1D2E-42AD-A1AA-B2018AA4A367}"
EndProject
Project("{9A19103F-16F7-4668-BE54-9A1E7A4F7556}") = "DAOsLayer", "DAOsLayer\DAOsLayer.csproj", "{FDD87CAB-CE5D-4BFE-AE47-63A50C3D51B5}"
EndProject
Project("{9A19103F-16F7-4668-BE54-9A1E7A4F7556}") = "BusinessObjectsLayer", "BusinessObjectsLayer\BusinessObjectsLayer.csproj", "{B88566D7-29A0-4CEE-8A37-C907502D6370}"
EndProject
Project("{9A19103F-16F7-4668-BE54-9A1E7A4F7556}") = "RepositoriesLayer", "RepositoriesLayer\RepositoriesLayer.csproj", "{81CDFB91-6211-408A-A2D4-C0D55E1F5DDD}"
EndProject
Global
	GlobalSection(SolutionConfigurationPlatforms) = preSolution
		Debug|Any CPU = Debug|Any CPU
		Release|Any CPU = Release|Any CPU
	EndGlobalSection
	GlobalSection(ProjectConfigurationPlatforms) = postSolution
		{D7B51876-1D2E-42AD-A1AA-B2018AA4A367}.Debug|Any CPU.ActiveCfg = Debug|Any CPU
		{D7B51876-1D2E-42AD-A1AA-B2018AA4A367}.Debug|Any CPU.Build.0 = Debug|Any CPU
		{D7B51876-1D2E-42AD-A1AA-B2018AA4A367}.Release|Any CPU.ActiveCfg = Release|Any CPU
		{D7B51876-1D2E-42AD-A1AA-B2018AA4A367}.Release|Any CPU.Build.0 = Release|Any CPU
		{FDD87CAB-CE5D-4BFE-AE47-63A50C3D51B5}.Debug|Any CPU.ActiveCfg = Debug|Any CPU
		{FDD87CAB-CE5D-4BFE-AE47-63A50C3D51B5}.Debug|Any CPU.Build.0 = Debug|Any CPU
		{FDD87CAB-CE5D-4BFE-AE47-63A50C3D51B5}.Release|Any CPU.ActiveCfg = Release|Any CPU
		{FDD87CAB-CE5D-4BFE-AE47-63A50C3D51B5}.Release|Any CPU.Build.0 = Release|Any CPU
		{B88566D7-29A0-4CEE-8A37-C907502D6370}.Debug|Any CPU.ActiveCfg = Debug|Any CPU
		{B88566D7-29A0-4CEE-8A37-C907502D6370}.Debug|Any CPU.Build.0 = Debug|Any CPU
		{B88566D7-29A0-4CEE-8A37-C907502D6370}.Release|Any CPU.ActiveCfg = Release|Any CPU
		{B88566D7-29A0-4CEE-8A37-C907502D6370}.Release|Any CPU.Build.0 = Release|Any CPU
		{81CDFB91-6211-408A-A2D4-C0D55E1F5DDD}.Debug|Any CPU.ActiveCfg = Debug|Any CPU
		{81CDFB91-6211-408A-A2D4-C0D55E1F5DDD}.Debug|Any CPU.Build.0 = Debug|Any CPU
		{81CDFB91-6211-408A-A2D4-C0D55E1F5DDD}.Release|Any CPU.ActiveCfg = Release|Any CPU
		{81CDFB91-6211-408A-A2D4-C0D55E1F5DDD}.Release|Any CPU.Build.0 = Release|Any CPU
	EndGlobalSection
	GlobalSection(SolutionProperties) = preSolution
		HideSolutionNode = FALSE
	EndGlobalSection
	GlobalSection(ExtensibilityGlobals) = postSolution
		SolutionGuid = {6D8AF0E3-FF03-4F92-BBCD-D7A5DECC9FC7}
	EndGlobalSection
EndGlobal
